// !$*UTF8*$!
{
	archiveVersion = 1;
	classes = {
	};
	objectVersion = 46;
	objects = {

/* Begin PBXBuildFile section */
		D2B91BB919C8239F00AF13F4 /* AppDelegate.swift in Sources */ = {isa = PBXBuildFile; fileRef = D2B91BB819C8239F00AF13F4 /* AppDelegate.swift */; };
		D2B91BBB19C8239F00AF13F4 /* ViewController.swift in Sources */ = {isa = PBXBuildFile; fileRef = D2B91BBA19C8239F00AF13F4 /* ViewController.swift */; };
		D2B91BBE19C8239F00AF13F4 /* Main.storyboard in Resources */ = {isa = PBXBuildFile; fileRef = D2B91BBC19C8239F00AF13F4 /* Main.storyboard */; };
		D2B91BC019C8239F00AF13F4 /* Images.xcassets in Resources */ = {isa = PBXBuildFile; fileRef = D2B91BBF19C8239F00AF13F4 /* Images.xcassets */; };
		D2B91BC319C8239F00AF13F4 /* LaunchScreen.xib in Resources */ = {isa = PBXBuildFile; fileRef = D2B91BC119C8239F00AF13F4 /* LaunchScreen.xib */; };
		D2B91BCF19C8239F00AF13F4 /* gaSampleTests.swift in Sources */ = {isa = PBXBuildFile; fileRef = D2B91BCE19C8239F00AF13F4 /* gaSampleTests.swift */; };
		D2B91BE419C825A600AF13F4 /* CoreData.framework in Frameworks */ = {isa = PBXBuildFile; fileRef = D2B91BE319C825A600AF13F4 /* CoreData.framework */; };
		D2B91BE619C825AD00AF13F4 /* SystemConfiguration.framework in Frameworks */ = {isa = PBXBuildFile; fileRef = D2B91BE519C825AD00AF13F4 /* SystemConfiguration.framework */; };
		D2B91BE819C825B400AF13F4 /* libz.dylib in Frameworks */ = {isa = PBXBuildFile; fileRef = D2B91BE719C825B400AF13F4 /* libz.dylib */; };
		D2B91BEE19C8278900AF13F4 /* libGoogleAnalyticsServices.a in Frameworks */ = {isa = PBXBuildFile; fileRef = D2B91BED19C8278900AF13F4 /* libGoogleAnalyticsServices.a */; };
		D2B91BF419C8284200AF13F4 /* libsqlite3.0.dylib in Frameworks */ = {isa = PBXBuildFile; fileRef = D2B91BF319C8284200AF13F4 /* libsqlite3.0.dylib */; };
		D2B91BF619C8285800AF13F4 /* libAdIdAccess.a in Frameworks */ = {isa = PBXBuildFile; fileRef = D2B91BF519C8285800AF13F4 /* libAdIdAccess.a */; };
		D2B91BF819C8288A00AF13F4 /* AdSupport.framework in Frameworks */ = {isa = PBXBuildFile; fileRef = D2B91BF719C8288A00AF13F4 /* AdSupport.framework */; };
/* End PBXBuildFile section */

/* Begin PBXContainerItemProxy section */
		D2B91BC919C8239F00AF13F4 /* PBXContainerItemProxy */ = {
			isa = PBXContainerItemProxy;
			containerPortal = D2B91BAB19C8239F00AF13F4 /* Project object */;
			proxyType = 1;
			remoteGlobalIDString = D2B91BB219C8239F00AF13F4;
			remoteInfo = gaSample;
		};
/* End PBXContainerItemProxy section */

/* Begin PBXFileReference section */
		D2B91BB319C8239F00AF13F4 /* gaSample.app */ = {isa = PBXFileReference; explicitFileType = wrapper.application; includeInIndex = 0; path = gaSample.app; sourceTree = BUILT_PRODUCTS_DIR; };
		D2B91BB719C8239F00AF13F4 /* Info.plist */ = {isa = PBXFileReference; lastKnownFileType = text.plist.xml; path = Info.plist; sourceTree = "<group>"; };
		D2B91BB819C8239F00AF13F4 /* AppDelegate.swift */ = {isa = PBXFileReference; lastKnownFileType = sourcecode.swift; path = AppDelegate.swift; sourceTree = "<group>"; };
		D2B91BBA19C8239F00AF13F4 /* ViewController.swift */ = {isa = PBXFileReference; lastKnownFileType = sourcecode.swift; path = ViewController.swift; sourceTree = "<group>"; };
		D2B91BBD19C8239F00AF13F4 /* Base */ = {isa = PBXFileReference; lastKnownFileType = file.storyboard; name = Base; path = Base.lproj/Main.storyboard; sourceTree = "<group>"; };
		D2B91BBF19C8239F00AF13F4 /* Images.xcassets */ = {isa = PBXFileReference; lastKnownFileType = folder.assetcatalog; path = Images.xcassets; sourceTree = "<group>"; };
		D2B91BC219C8239F00AF13F4 /* Base */ = {isa = PBXFileReference; lastKnownFileType = file.xib; name = Base; path = Base.lproj/LaunchScreen.xib; sourceTree = "<group>"; };
		D2B91BC819C8239F00AF13F4 /* gaSampleTests.xctest */ = {isa = PBXFileReference; explicitFileType = wrapper.cfbundle; includeInIndex = 0; path = gaSampleTests.xctest; sourceTree = BUILT_PRODUCTS_DIR; };
		D2B91BCD19C8239F00AF13F4 /* Info.plist */ = {isa = PBXFileReference; lastKnownFileType = text.plist.xml; path = Info.plist; sourceTree = "<group>"; };
		D2B91BCE19C8239F00AF13F4 /* gaSampleTests.swift */ = {isa = PBXFileReference; lastKnownFileType = sourcecode.swift; path = gaSampleTests.swift; sourceTree = "<group>"; };
		D2B91BD919C824E400AF13F4 /* GAI.h */ = {isa = PBXFileReference; fileEncoding = 4; lastKnownFileType = sourcecode.c.h; path = GAI.h; sourceTree = "<group>"; };
		D2B91BDA19C824E400AF13F4 /* GAIDictionaryBuilder.h */ = {isa = PBXFileReference; fileEncoding = 4; lastKnownFileType = sourcecode.c.h; path = GAIDictionaryBuilder.h; sourceTree = "<group>"; };
		D2B91BDB19C824E400AF13F4 /* GAIEcommerceFields.h */ = {isa = PBXFileReference; fileEncoding = 4; lastKnownFileType = sourcecode.c.h; path = GAIEcommerceFields.h; sourceTree = "<group>"; };
		D2B91BDC19C824E400AF13F4 /* GAIEcommerceProduct.h */ = {isa = PBXFileReference; fileEncoding = 4; lastKnownFileType = sourcecode.c.h; path = GAIEcommerceProduct.h; sourceTree = "<group>"; };
		D2B91BDD19C824E400AF13F4 /* GAIEcommerceProductAction.h */ = {isa = PBXFileReference; fileEncoding = 4; lastKnownFileType = sourcecode.c.h; path = GAIEcommerceProductAction.h; sourceTree = "<group>"; };
		D2B91BDE19C824E400AF13F4 /* GAIEcommercePromotion.h */ = {isa = PBXFileReference; fileEncoding = 4; lastKnownFileType = sourcecode.c.h; path = GAIEcommercePromotion.h; sourceTree = "<group>"; };
		D2B91BDF19C824E400AF13F4 /* GAIFields.h */ = {isa = PBXFileReference; fileEncoding = 4; lastKnownFileType = sourcecode.c.h; path = GAIFields.h; sourceTree = "<group>"; };
		D2B91BE019C824E400AF13F4 /* GAILogger.h */ = {isa = PBXFileReference; fileEncoding = 4; lastKnownFileType = sourcecode.c.h; path = GAILogger.h; sourceTree = "<group>"; };
		D2B91BE119C824E400AF13F4 /* GAITrackedViewController.h */ = {isa = PBXFileReference; fileEncoding = 4; lastKnownFileType = sourcecode.c.h; path = GAITrackedViewController.h; sourceTree = "<group>"; };
		D2B91BE219C824E400AF13F4 /* GAITracker.h */ = {isa = PBXFileReference; fileEncoding = 4; lastKnownFileType = sourcecode.c.h; path = GAITracker.h; sourceTree = "<group>"; };
		D2B91BE319C825A600AF13F4 /* CoreData.framework */ = {isa = PBXFileReference; lastKnownFileType = wrapper.framework; name = CoreData.framework; path = System/Library/Frameworks/CoreData.framework; sourceTree = SDKROOT; };
		D2B91BE519C825AD00AF13F4 /* SystemConfiguration.framework */ = {isa = PBXFileReference; lastKnownFileType = wrapper.framework; name = SystemConfiguration.framework; path = System/Library/Frameworks/SystemConfiguration.framework; sourceTree = SDKROOT; };
		D2B91BE719C825B400AF13F4 /* libz.dylib */ = {isa = PBXFileReference; lastKnownFileType = "compiled.mach-o.dylib"; name = libz.dylib; path = usr/lib/libz.dylib; sourceTree = SDKROOT; };
		D2B91BE919C8268800AF13F4 /* gaSample-Bridging-Header.h */ = {isa = PBXFileReference; lastKnownFileType = sourcecode.c.h; path = "gaSample-Bridging-Header.h"; sourceTree = "<group>"; };
		D2B91BED19C8278900AF13F4 /* libGoogleAnalyticsServices.a */ = {isa = PBXFileReference; lastKnownFileType = archive.ar; path = libGoogleAnalyticsServices.a; sourceTree = "<group>"; };
		D2B91BF319C8284200AF13F4 /* libsqlite3.0.dylib */ = {isa = PBXFileReference; lastKnownFileType = "compiled.mach-o.dylib"; name = libsqlite3.0.dylib; path = usr/lib/libsqlite3.0.dylib; sourceTree = SDKROOT; };
		D2B91BF519C8285800AF13F4 /* libAdIdAccess.a */ = {isa = PBXFileReference; lastKnownFileType = archive.ar; name = libAdIdAccess.a; path = ../libAdIdAccess.a; sourceTree = "<group>"; };
		D2B91BF719C8288A00AF13F4 /* AdSupport.framework */ = {isa = PBXFileReference; lastKnownFileType = wrapper.framework; name = AdSupport.framework; path = System/Library/Frameworks/AdSupport.framework; sourceTree = SDKROOT; };
/* End PBXFileReference section */

/* Begin PBXFrameworksBuildPhase section */
		D2B91BB019C8239F00AF13F4 /* Frameworks */ = {
			isa = PBXFrameworksBuildPhase;
			buildActionMask = 2147483647;
			files = (
				D2B91BF819C8288A00AF13F4 /* AdSupport.framework in Frameworks */,
				D2B91BF419C8284200AF13F4 /* libsqlite3.0.dylib in Frameworks */,
				D2B91BF619C8285800AF13F4 /* libAdIdAccess.a in Frameworks */,
				D2B91BE819C825B400AF13F4 /* libz.dylib in Frameworks */,
				D2B91BE619C825AD00AF13F4 /* SystemConfiguration.framework in Frameworks */,
				D2B91BE419C825A600AF13F4 /* CoreData.framework in Frameworks */,
				D2B91BEE19C8278900AF13F4 /* libGoogleAnalyticsServices.a in Frameworks */,
			);
			runOnlyForDeploymentPostprocessing = 0;
		};
		D2B91BC519C8239F00AF13F4 /* Frameworks */ = {
			isa = PBXFrameworksBuildPhase;
			buildActionMask = 2147483647;
			files = (
			);
			runOnlyForDeploymentPostprocessing = 0;
		};
/* End PBXFrameworksBuildPhase section */

/* Begin PBXGroup section */
		D2B91BAA19C8239F00AF13F4 = {
			isa = PBXGroup;
			children = (
				D2B91BB519C8239F00AF13F4 /* gaSample */,
				D2B91BCB19C8239F00AF13F4 /* gaSampleTests */,
				D2B91BB419C8239F00AF13F4 /* Products */,
			);
			sourceTree = "<group>";
		};
		D2B91BB419C8239F00AF13F4 /* Products */ = {
			isa = PBXGroup;
			children = (
				D2B91BB319C8239F00AF13F4 /* gaSample.app */,
				D2B91BC819C8239F00AF13F4 /* gaSampleTests.xctest */,
			);
			name = Products;
			sourceTree = "<group>";
		};
		D2B91BB519C8239F00AF13F4 /* gaSample */ = {
			isa = PBXGroup;
			children = (
				D2B91BF919C828AA00AF13F4 /* Frameworks */,
				D2B91BD819C8249B00AF13F4 /* GoogleAnalytics */,
				D2B91BB819C8239F00AF13F4 /* AppDelegate.swift */,
				D2B91BBA19C8239F00AF13F4 /* ViewController.swift */,
				D2B91BBC19C8239F00AF13F4 /* Main.storyboard */,
				D2B91BBF19C8239F00AF13F4 /* Images.xcassets */,
				D2B91BC119C8239F00AF13F4 /* LaunchScreen.xib */,
				D2B91BE919C8268800AF13F4 /* gaSample-Bridging-Header.h */,
				D2B91BB619C8239F00AF13F4 /* Supporting Files */,
			);
			path = gaSample;
			sourceTree = "<group>";
		};
		D2B91BB619C8239F00AF13F4 /* Supporting Files */ = {
			isa = PBXGroup;
			children = (
				D2B91BB719C8239F00AF13F4 /* Info.plist */,
			);
			name = "Supporting Files";
			sourceTree = "<group>";
		};
		D2B91BCB19C8239F00AF13F4 /* gaSampleTests */ = {
			isa = PBXGroup;
			children = (
				D2B91BCE19C8239F00AF13F4 /* gaSampleTests.swift */,
				D2B91BCC19C8239F00AF13F4 /* Supporting Files */,
			);
			path = gaSampleTests;
			sourceTree = "<group>";
		};
		D2B91BCC19C8239F00AF13F4 /* Supporting Files */ = {
			isa = PBXGroup;
			children = (
				D2B91BCD19C8239F00AF13F4 /* Info.plist */,
			);
			name = "Supporting Files";
			sourceTree = "<group>";
		};
		D2B91BD819C8249B00AF13F4 /* GoogleAnalytics */ = {
			isa = PBXGroup;
			children = (
				D2B91BD919C824E400AF13F4 /* GAI.h */,
				D2B91BDA19C824E400AF13F4 /* GAIDictionaryBuilder.h */,
				D2B91BDB19C824E400AF13F4 /* GAIEcommerceFields.h */,
				D2B91BDC19C824E400AF13F4 /* GAIEcommerceProduct.h */,
				D2B91BDD19C824E400AF13F4 /* GAIEcommerceProductAction.h */,
				D2B91BDE19C824E400AF13F4 /* GAIEcommercePromotion.h */,
				D2B91BDF19C824E400AF13F4 /* GAIFields.h */,
				D2B91BE019C824E400AF13F4 /* GAILogger.h */,
				D2B91BE119C824E400AF13F4 /* GAITrackedViewController.h */,
				D2B91BE219C824E400AF13F4 /* GAITracker.h */,
			);
			name = GoogleAnalytics;
			sourceTree = "<group>";
		};
		D2B91BF919C828AA00AF13F4 /* Frameworks */ = {
			isa = PBXGroup;
			children = (
				D2B91BF719C8288A00AF13F4 /* AdSupport.framework */,
				D2B91BE519C825AD00AF13F4 /* SystemConfiguration.framework */,
				D2B91BE319C825A600AF13F4 /* CoreData.framework */,
				D2B91BF519C8285800AF13F4 /* libAdIdAccess.a */,
				D2B91BF319C8284200AF13F4 /* libsqlite3.0.dylib */,
				D2B91BE719C825B400AF13F4 /* libz.dylib */,
				D2B91BED19C8278900AF13F4 /* libGoogleAnalyticsServices.a */,
			);
			name = Frameworks;
			sourceTree = "<group>";
		};
/* End PBXGroup section */

/* Begin PBXNativeTarget section */
		D2B91BB219C8239F00AF13F4 /* gaSample */ = {
			isa = PBXNativeTarget;
			buildConfigurationList = D2B91BD219C8239F00AF13F4 /* Build configuration list for PBXNativeTarget "gaSample" */;
			buildPhases = (
				D2B91BAF19C8239F00AF13F4 /* Sources */,
				D2B91BB019C8239F00AF13F4 /* Frameworks */,
				D2B91BB119C8239F00AF13F4 /* Resources */,
			);
			buildRules = (
			);
			dependencies = (
			);
			name = gaSample;
			productName = gaSample;
			productReference = D2B91BB319C8239F00AF13F4 /* gaSample.app */;
			productType = "com.apple.product-type.application";
		};
		D2B91BC719C8239F00AF13F4 /* gaSampleTests */ = {
			isa = PBXNativeTarget;
			buildConfigurationList = D2B91BD519C8239F00AF13F4 /* Build configuration list for PBXNativeTarget "gaSampleTests" */;
			buildPhases = (
				D2B91BC419C8239F00AF13F4 /* Sources */,
				D2B91BC519C8239F00AF13F4 /* Frameworks */,
				D2B91BC619C8239F00AF13F4 /* Resources */,
			);
			buildRules = (
			);
			dependencies = (
				D2B91BCA19C8239F00AF13F4 /* PBXTargetDependency */,
			);
			name = gaSampleTests;
			productName = gaSampleTests;
			productReference = D2B91BC819C8239F00AF13F4 /* gaSampleTests.xctest */;
			productType = "com.apple.product-type.bundle.unit-test";
		};
/* End PBXNativeTarget section */

/* Begin PBXProject section */
		D2B91BAB19C8239F00AF13F4 /* Project object */ = {
			isa = PBXProject;
			attributes = {
				LastUpgradeCheck = 0610;
				ORGANIZATIONNAME = KawaiTakeshi;
				TargetAttributes = {
					D2B91BB219C8239F00AF13F4 = {
						CreatedOnToolsVersion = 6.1;
					};
					D2B91BC719C8239F00AF13F4 = {
						CreatedOnToolsVersion = 6.1;
						TestTargetID = D2B91BB219C8239F00AF13F4;
					};
				};
			};
			buildConfigurationList = D2B91BAE19C8239F00AF13F4 /* Build configuration list for PBXProject "gaSample" */;
			compatibilityVersion = "Xcode 3.2";
			developmentRegion = English;
			hasScannedForEncodings = 0;
			knownRegions = (
				en,
				Base,
			);
			mainGroup = D2B91BAA19C8239F00AF13F4;
			productRefGroup = D2B91BB419C8239F00AF13F4 /* Products */;
			projectDirPath = "";
			projectRoot = "";
			targets = (
				D2B91BB219C8239F00AF13F4 /* gaSample */,
				D2B91BC719C8239F00AF13F4 /* gaSampleTests */,
			);
		};
/* End PBXProject section */

/* Begin PBXResourcesBuildPhase section */
		D2B91BB119C8239F00AF13F4 /* Resources */ = {
			isa = PBXResourcesBuildPhase;
			buildActionMask = 2147483647;
			files = (
				D2B91BBE19C8239F00AF13F4 /* Main.storyboard in Resources */,
				D2B91BC319C8239F00AF13F4 /* LaunchScreen.xib in Resources */,
				D2B91BC019C8239F00AF13F4 /* Images.xcassets in Resources */,
			);
			runOnlyForDeploymentPostprocessing = 0;
		};
		D2B91BC619C8239F00AF13F4 /* Resources */ = {
			isa = PBXResourcesBuildPhase;
			buildActionMask = 2147483647;
			files = (
			);
			runOnlyForDeploymentPostprocessing = 0;
		};
/* End PBXResourcesBuildPhase section */

/* Begin PBXSourcesBuildPhase section */
		D2B91BAF19C8239F00AF13F4 /* Sources */ = {
			isa = PBXSourcesBuildPhase;
			buildActionMask = 2147483647;
			files = (
				D2B91BBB19C8239F00AF13F4 /* ViewController.swift in Sources */,
				D2B91BB919C8239F00AF13F4 /* AppDelegate.swift in Sources */,
			);
			runOnlyForDeploymentPostprocessing = 0;
		};
		D2B91BC419C8239F00AF13F4 /* Sources */ = {
			isa = PBXSourcesBuildPhase;
			buildActionMask = 2147483647;
			files = (
				D2B91BCF19C8239F00AF13F4 /* gaSampleTests.swift in Sources */,
			);
			runOnlyForDeploymentPostprocessing = 0;
		};
/* End PBXSourcesBuildPhase section */

/* Begin PBXTargetDependency section */
		D2B91BCA19C8239F00AF13F4 /* PBXTargetDependency */ = {
			isa = PBXTargetDependency;
			target = D2B91BB219C8239F00AF13F4 /* gaSample */;
			targetProxy = D2B91BC919C8239F00AF13F4 /* PBXContainerItemProxy */;
		};
/* End PBXTargetDependency section */

/* Begin PBXVariantGroup section */
		D2B91BBC19C8239F00AF13F4 /* Main.storyboard */ = {
			isa = PBXVariantGroup;
			children = (
				D2B91BBD19C8239F00AF13F4 /* Base */,
			);
			name = Main.storyboard;
			sourceTree = "<group>";
		};
		D2B91BC119C8239F00AF13F4 /* LaunchScreen.xib */ = {
			isa = PBXVariantGroup;
			children = (
				D2B91BC219C8239F00AF13F4 /* Base */,
			);
			name = LaunchScreen.xib;
			sourceTree = "<group>";
		};
/* End PBXVariantGroup section */

/* Begin XCBuildConfiguration section */
		D2B91BD019C8239F00AF13F4 /* Debug */ = {
			isa = XCBuildConfiguration;
			buildSettings = {
				ALWAYS_SEARCH_USER_PATHS = NO;
				CLANG_CXX_LANGUAGE_STANDARD = "gnu++0x";
				CLANG_CXX_LIBRARY = "libc++";
				CLANG_ENABLE_MODULES = YES;
				CLANG_ENABLE_OBJC_ARC = YES;
				CLANG_WARN_BOOL_CONVERSION = YES;
				CLANG_WARN_CONSTANT_CONVERSION = YES;
				CLANG_WARN_DIRECT_OBJC_ISA_USAGE = YES_ERROR;
				CLANG_WARN_EMPTY_BODY = YES;
				CLANG_WARN_ENUM_CONVERSION = YES;
				CLANG_WARN_INT_CONVERSION = YES;
				CLANG_WARN_OBJC_ROOT_CLASS = YES_ERROR;
				CLANG_WARN_UNREACHABLE_CODE = YES;
				CLANG_WARN__DUPLICATE_METHOD_MATCH = YES;
				"CODE_SIGN_IDENTITY[sdk=iphoneos*]" = "iPhone Developer";
				COPY_PHASE_STRIP = NO;
				ENABLE_STRICT_OBJC_MSGSEND = YES;
				GCC_C_LANGUAGE_STANDARD = gnu99;
				GCC_DYNAMIC_NO_PIC = NO;
				GCC_OPTIMIZATION_LEVEL = 0;
				GCC_PREPROCESSOR_DEFINITIONS = (
					"DEBUG=1",
					"$(inherited)",
				);
				GCC_SYMBOLS_PRIVATE_EXTERN = NO;
				GCC_WARN_64_TO_32_BIT_CONVERSION = YES;
				GCC_WARN_ABOUT_RETURN_TYPE = YES_ERROR;
				GCC_WARN_UNDECLARED_SELECTOR = YES;
				GCC_WARN_UNINITIALIZED_AUTOS = YES_AGGRESSIVE;
				GCC_WARN_UNUSED_FUNCTION = YES;
				GCC_WARN_UNUSED_VARIABLE = YES;
				IPHONEOS_DEPLOYMENT_TARGET = 8.0;
				MTL_ENABLE_DEBUG_INFO = YES;
				ONLY_ACTIVE_ARCH = YES;
				SDKROOT = iphoneos;
				SWIFT_OPTIMIZATION_LEVEL = "-Onone";
			};
			name = Debug;
		};
		D2B91BD119C8239F00AF13F4 /* Release */ = {
			isa = XCBuildConfiguration;
			buildSettings = {
				ALWAYS_SEARCH_USER_PATHS = NO;
				CLANG_CXX_LANGUAGE_STANDARD = "gnu++0x";
				CLANG_CXX_LIBRARY = "libc++";
				CLANG_ENABLE_MODULES = YES;
				CLANG_ENABLE_OBJC_ARC = YES;
				CLANG_WARN_BOOL_CONVERSION = YES;
				CLANG_WARN_CONSTANT_CONVERSION = YES;
				CLANG_WARN_DIRECT_OBJC_ISA_USAGE = YES_ERROR;
				CLANG_WARN_EMPTY_BODY = YES;
				CLANG_WARN_ENUM_CONVERSION = YES;
				CLANG_WARN_INT_CONVERSION = YES;
				CLANG_WARN_OBJC_ROOT_CLASS = YES_ERROR;
				CLANG_WARN_UNREACHABLE_CODE = YES;
				CLANG_WARN__DUPLICATE_METHOD_MATCH = YES;
				"CODE_SIGN_IDENTITY[sdk=iphoneos*]" = "iPhone Developer";
				COPY_PHASE_STRIP = YES;
				ENABLE_NS_ASSERTIONS = NO;
				ENABLE_STRICT_OBJC_MSGSEND = YES;
				GCC_C_LANGUAGE_STANDARD = gnu99;
				GCC_WARN_64_TO_32_BIT_CONVERSION = YES;
				GCC_WARN_ABOUT_RETURN_TYPE = YES_ERROR;
				GCC_WARN_UNDECLARED_SELECTOR = YES;
				GCC_WARN_UNINITIALIZED_AUTOS = YES_AGGRESSIVE;
				GCC_WARN_UNUSED_FUNCTION = YES;
				GCC_WARN_UNUSED_VARIABLE = YES;
				IPHONEOS_DEPLOYMENT_TARGET = 8.0;
				MTL_ENABLE_DEBUG_INFO = NO;
				SDKROOT = iphoneos;
				VALIDATE_PRODUCT = YES;
			};
			name = Release;
		};
		D2B91BD319C8239F00AF13F4 /* Debug */ = {
			isa = XCBuildConfiguration;
			buildSettings = {
				ASSETCATALOG_COMPILER_APPICON_NAME = AppIcon;
				CLANG_ENABLE_MODULES = YES;
				INFOPLIST_FILE = gaSample/Info.plist;
				LD_RUNPATH_SEARCH_PATHS = "$(inherited) @executable_path/Frameworks";
				LIBRARY_SEARCH_PATHS = (
					"$(inherited)",
					"$(PROJECT_DIR)/gaSample",
					"$(PROJECT_DIR)",
				);
				OTHER_LDFLAGS = "-ObjC";
				PRODUCT_NAME = "$(TARGET_NAME)";
				SWIFT_OBJC_BRIDGING_HEADER = "gaSample/gaSample-Bridging-Header.h";
				SWIFT_OPTIMIZATION_LEVEL = "-Onone";
			};
			name = Debug;
		};
		D2B91BD419C8239F00AF13F4 /* Release */ = {
			isa = XCBuildConfiguration;
			buildSettings = {
				ASSETCATALOG_COMPILER_APPICON_NAME = AppIcon;
				CLANG_ENABLE_MODULES = YES;
				INFOPLIST_FILE = gaSample/Info.plist;
				LD_RUNPATH_SEARCH_PATHS = "$(inherited) @executable_path/Frameworks";
				LIBRARY_SEARCH_PATHS = (
					"$(inherited)",
					"$(PROJECT_DIR)/gaSample",
					"$(PROJECT_DIR)",
				);
				OTHER_LDFLAGS = "-ObjC";
				PRODUCT_NAME = "$(TARGET_NAME)";
				SWIFT_OBJC_BRIDGING_HEADER = "gaSample/gaSample-Bridging-Header.h";
			};
			name = Release;
		};
		D2B91BD619C8239F00AF13F4 /* Debug */ = {
			isa = XCBuildConfiguration;
			buildSettings = {
				BUNDLE_LOADER = "$(TEST_HOST)";
				FRAMEWORK_SEARCH_PATHS = (
					"$(SDKROOT)/Developer/Library/Frameworks",
					"$(inherited)",
				);
				GCC_PREPROCESSOR_DEFINITIONS = (
					"DEBUG=1",
					"$(inherited)",
				);
				INFOPLIST_FILE = gaSampleTests/Info.plist;
				LD_RUNPATH_SEARCH_PATHS = "$(inherited) @executable_path/Frameworks @loader_path/Frameworks";
				PRODUCT_NAME = "$(TARGET_NAME)";
				TEST_HOST = "$(BUILT_PRODUCTS_DIR)/gaSample.app/gaSample";
			};
			name = Debug;
		};
		D2B91BD719C8239F00AF13F4 /* Release */ = {
			isa = XCBuildConfiguration;
			buildSettings = {
				BUNDLE_LOADER = "$(TEST_HOST)";
				FRAMEWORK_SEARCH_PATHS = (
					"$(SDKROOT)/Developer/Library/Frameworks",
					"$(inherited)",
				);
				INFOPLIST_FILE = gaSampleTests/Info.plist;
				LD_RUNPATH_SEARCH_PATHS = "$(inherited) @executable_path/Frameworks @loader_path/Frameworks";
				PRODUCT_NAME = "$(TARGET_NAME)";
				TEST_HOST = "$(BUILT_PRODUCTS_DIR)/gaSample.app/gaSample";
			};
			name = Release;
		};
/* End XCBuildConfiguration section */

/* Begin XCConfigurationList section */
		D2B91BAE19C8239F00AF13F4 /* Build configuration list for PBXProject "gaSample" */ = {
			isa = XCConfigurationList;
			buildConfigurations = (
				D2B91BD019C8239F00AF13F4 /* Debug */,
				D2B91BD119C8239F00AF13F4 /* Release */,
			);
			defaultConfigurationIsVisible = 0;
			defaultConfigurationName = Release;
		};
		D2B91BD219C8239F00AF13F4 /* Build configuration list for PBXNativeTarget "gaSample" */ = {
			isa = XCConfigurationList;
			buildConfigurations = (
				D2B91BD319C8239F00AF13F4 /* Debug */,
				D2B91BD419C8239F00AF13F4 /* Release */,
			);
			defaultConfigurationIsVisible = 0;
		};
		D2B91BD519C8239F00AF13F4 /* Build configuration list for PBXNativeTarget "gaSampleTests" */ = {
			isa = XCConfigurationList;
			buildConfigurations = (
				D2B91BD619C8239F00AF13F4 /* Debug */,
				D2B91BD719C8239F00AF13F4 /* Release */,
			);
			defaultConfigurationIsVisible = 0;
		};
/* End XCConfigurationList section */
	};
	rootObject = D2B91BAB19C8239F00AF13F4 /* Project object */;
}
